<Solution>
    <Folder Name="/IMS.Plugins/">
        <Project Path="IMS.Plugins/IMS.Plugins.InMemory/IMS.Plugins.InMemory.csproj"/>
    </Folder>
    <Folder Name="/Solution Items/">
        <File Path="compose.yaml"/>
    </Folder>
    <Project Path="IMS.CoreBusiness/IMS.CoreBusiness.csproj"/>
    <Project Path="IMS.UseCases/IMS.UseCases.csproj"/>
    <Project Path="IMS.WebApp/IMS.WebApp.csproj"/>
</Solution>
